
Microsoft Visual Studio Solution File, Format Version 12.00
# Visual Studio 14
VisualStudioVersion = 14.0.24720.0
MinimumVisualStudioVersion = 10.0.40219.1
Project("{FAE04EC0-301F-11D3-BF4B-00C04F79EFBC}") = "lab4_Calculator", "lab4_Calculator\lab4_Calculator.csproj", "{B77F9814-A47B-4171-9D77-5A36DDA8B2BE}"
EndProject
Global
	GlobalSection(SolutionConfigurationPlatforms) = preSolution
		Debug|Any CPU = Debug|Any CPU
		Release|Any CPU = Release|Any CPU
	EndGlobalSection
	GlobalSection(ProjectConfigurationPlatforms) = postSolution
		{B77F9814-A47B-4171-9D77-5A36DDA8B2BE}.Debug|Any CPU.ActiveCfg = Debug|Any CPU
		{B77F9814-A47B-4171-9D77-5A36DDA8B2BE}.Debug|Any CPU.Build.0 = Debug|Any CPU
		{B77F9814-A47B-4171-9D77-5A36DDA8B2BE}.Release|Any CPU.ActiveCfg = Release|Any CPU
		{B77F9814-A47B-4171-9D77-5A36DDA8B2BE}.Release|Any CPU.Build.0 = Release|Any CPU
	EndGlobalSection
	GlobalSection(SolutionProperties) = preSolution
		HideSolutionNode = FALSE
	EndGlobalSection
EndGlobal
