
Microsoft Visual Studio Solution File, Format Version 12.00
# Visual Studio 14
VisualStudioVersion = 14.0.25123.0
MinimumVisualStudioVersion = 10.0.40219.1
Project("{FAE04EC0-301F-11D3-BF4B-00C04F79EFBC}") = "FinalPrep3", "FinalPrep3\FinalPrep3.csproj", "{B072F7B8-F80D-43EF-AF6A-8D02E0737CEE}"
EndProject
Global
	GlobalSection(SolutionConfigurationPlatforms) = preSolution
		Debug|Any CPU = Debug|Any CPU
		Release|Any CPU = Release|Any CPU
	EndGlobalSection
	GlobalSection(ProjectConfigurationPlatforms) = postSolution
		{B072F7B8-F80D-43EF-AF6A-8D02E0737CEE}.Debug|Any CPU.ActiveCfg = Debug|Any CPU
		{B072F7B8-F80D-43EF-AF6A-8D02E0737CEE}.Debug|Any CPU.Build.0 = Debug|Any CPU
		{B072F7B8-F80D-43EF-AF6A-8D02E0737CEE}.Release|Any CPU.ActiveCfg = Release|Any CPU
		{B072F7B8-F80D-43EF-AF6A-8D02E0737CEE}.Release|Any CPU.Build.0 = Release|Any CPU
	EndGlobalSection
	GlobalSection(SolutionProperties) = preSolution
		HideSolutionNode = FALSE
	EndGlobalSection
EndGlobal
